
Microsoft Visual Studio Solution File, Format Version 12.00
# Visual Studio Version 17
VisualStudioVersion = 17.10.34928.147
MinimumVisualStudioVersion = 10.0.40219.1
Project("{FAE04EC0-301F-11D3-BF4B-00C04F79EFBC}") = "Basic Delegates", "Basic Delegates.csproj", "{C0F9A321-C941-4FCA-AC85-86BB91C8FF4C}"
EndProject
Project("{FAE04EC0-301F-11D3-BF4B-00C04F79EFBC}") = "Multicast Delegates", "..\Multicast Delegates\Multicast Delegates.csproj", "{D760BE9B-601B-47D0-A81E-04AF25CEC341}"
EndProject
Project("{FAE04EC0-301F-11D3-BF4B-00C04F79EFBC}") = "Publisher Subscriber Design Pattern", "..\PublisherSubscriberDesignPattern\Publisher Subscriber Design Pattern.csproj", "{B992AF7E-106B-49C0-8688-00BECFD67727}"
EndProject
Project("{FAE04EC0-301F-11D3-BF4B-00C04F79EFBC}") = "Func Delegates", "..\Func Delegates\Func Delegates.csproj", "{60EA70E3-25C8-467B-9CD8-CF9C5DE1011D}"
EndProject
Project("{FAE04EC0-301F-11D3-BF4B-00C04F79EFBC}") = "Predicate Delegate", "..\Predicate Delegate\Predicate Delegate.csproj", "{E6C5FCAC-B2D9-48BE-8D28-9953A74EA9C2}"
EndProject
Project("{FAE04EC0-301F-11D3-BF4B-00C04F79EFBC}") = "Action Delegate", "..\Action Delegate\Action Delegate.csproj", "{A8349EF7-5811-47FE-B028-4ABC38819079}"
EndProject
Project("{FAE04EC0-301F-11D3-BF4B-00C04F79EFBC}") = "Event Args And Delegates And Events", "..\Event Args And Delegates And Events\Event Args And Delegates And Events.csproj", "{4F85C2C6-ACAD-4E10-B65D-E0A87E565001}"
EndProject
Project("{FAE04EC0-301F-11D3-BF4B-00C04F79EFBC}") = "Nullable Data Types", "..\Nullable Data Types\Nullable Data Types.csproj", "{F26F3E3C-EA87-44E9-AA74-51480A380B10}"
EndProject
Project("{FAE04EC0-301F-11D3-BF4B-00C04F79EFBC}") = "Reflection with Custom Attributes", "..\Reflection with Custom Attributes\Reflection with Custom Attributes.csproj", "{3DE30006-0E35-46D2-A567-8D7DDAF53129}"
EndProject
Global
	GlobalSection(SolutionConfigurationPlatforms) = preSolution
		Debug|Any CPU = Debug|Any CPU
		Release|Any CPU = Release|Any CPU
	EndGlobalSection
	GlobalSection(ProjectConfigurationPlatforms) = postSolution
		{C0F9A321-C941-4FCA-AC85-86BB91C8FF4C}.Debug|Any CPU.ActiveCfg = Debug|Any CPU
		{C0F9A321-C941-4FCA-AC85-86BB91C8FF4C}.Debug|Any CPU.Build.0 = Debug|Any CPU
		{C0F9A321-C941-4FCA-AC85-86BB91C8FF4C}.Release|Any CPU.ActiveCfg = Release|Any CPU
		{C0F9A321-C941-4FCA-AC85-86BB91C8FF4C}.Release|Any CPU.Build.0 = Release|Any CPU
		{D760BE9B-601B-47D0-A81E-04AF25CEC341}.Debug|Any CPU.ActiveCfg = Debug|Any CPU
		{D760BE9B-601B-47D0-A81E-04AF25CEC341}.Debug|Any CPU.Build.0 = Debug|Any CPU
		{D760BE9B-601B-47D0-A81E-04AF25CEC341}.Release|Any CPU.ActiveCfg = Release|Any CPU
		{D760BE9B-601B-47D0-A81E-04AF25CEC341}.Release|Any CPU.Build.0 = Release|Any CPU
		{B992AF7E-106B-49C0-8688-00BECFD67727}.Debug|Any CPU.ActiveCfg = Debug|Any CPU
		{B992AF7E-106B-49C0-8688-00BECFD67727}.Debug|Any CPU.Build.0 = Debug|Any CPU
		{B992AF7E-106B-49C0-8688-00BECFD67727}.Release|Any CPU.ActiveCfg = Release|Any CPU
		{B992AF7E-106B-49C0-8688-00BECFD67727}.Release|Any CPU.Build.0 = Release|Any CPU
		{60EA70E3-25C8-467B-9CD8-CF9C5DE1011D}.Debug|Any CPU.ActiveCfg = Debug|Any CPU
		{60EA70E3-25C8-467B-9CD8-CF9C5DE1011D}.Debug|Any CPU.Build.0 = Debug|Any CPU
		{60EA70E3-25C8-467B-9CD8-CF9C5DE1011D}.Release|Any CPU.ActiveCfg = Release|Any CPU
		{60EA70E3-25C8-467B-9CD8-CF9C5DE1011D}.Release|Any CPU.Build.0 = Release|Any CPU
		{E6C5FCAC-B2D9-48BE-8D28-9953A74EA9C2}.Debug|Any CPU.ActiveCfg = Debug|Any CPU
		{E6C5FCAC-B2D9-48BE-8D28-9953A74EA9C2}.Debug|Any CPU.Build.0 = Debug|Any CPU
		{E6C5FCAC-B2D9-48BE-8D28-9953A74EA9C2}.Release|Any CPU.ActiveCfg = Release|Any CPU
		{E6C5FCAC-B2D9-48BE-8D28-9953A74EA9C2}.Release|Any CPU.Build.0 = Release|Any CPU
		{A8349EF7-5811-47FE-B028-4ABC38819079}.Debug|Any CPU.ActiveCfg = Debug|Any CPU
		{A8349EF7-5811-47FE-B028-4ABC38819079}.Debug|Any CPU.Build.0 = Debug|Any CPU
		{A8349EF7-5811-47FE-B028-4ABC38819079}.Release|Any CPU.ActiveCfg = Release|Any CPU
		{A8349EF7-5811-47FE-B028-4ABC38819079}.Release|Any CPU.Build.0 = Release|Any CPU
		{4F85C2C6-ACAD-4E10-B65D-E0A87E565001}.Debug|Any CPU.ActiveCfg = Debug|Any CPU
		{4F85C2C6-ACAD-4E10-B65D-E0A87E565001}.Debug|Any CPU.Build.0 = Debug|Any CPU
		{4F85C2C6-ACAD-4E10-B65D-E0A87E565001}.Release|Any CPU.ActiveCfg = Release|Any CPU
		{4F85C2C6-ACAD-4E10-B65D-E0A87E565001}.Release|Any CPU.Build.0 = Release|Any CPU
		{F26F3E3C-EA87-44E9-AA74-51480A380B10}.Debug|Any CPU.ActiveCfg = Debug|Any CPU
		{F26F3E3C-EA87-44E9-AA74-51480A380B10}.Debug|Any CPU.Build.0 = Debug|Any CPU
		{F26F3E3C-EA87-44E9-AA74-51480A380B10}.Release|Any CPU.ActiveCfg = Release|Any CPU
		{F26F3E3C-EA87-44E9-AA74-51480A380B10}.Release|Any CPU.Build.0 = Release|Any CPU
		{3DE30006-0E35-46D2-A567-8D7DDAF53129}.Debug|Any CPU.ActiveCfg = Debug|Any CPU
		{3DE30006-0E35-46D2-A567-8D7DDAF53129}.Debug|Any CPU.Build.0 = Debug|Any CPU
		{3DE30006-0E35-46D2-A567-8D7DDAF53129}.Release|Any CPU.ActiveCfg = Release|Any CPU
		{3DE30006-0E35-46D2-A567-8D7DDAF53129}.Release|Any CPU.Build.0 = Release|Any CPU
	EndGlobalSection
	GlobalSection(SolutionProperties) = preSolution
		HideSolutionNode = FALSE
	EndGlobalSection
	GlobalSection(ExtensibilityGlobals) = postSolution
		SolutionGuid = {287A58BF-5BDA-462A-9C38-3EA46545971E}
	EndGlobalSection
EndGlobal
